
Microsoft Visual Studio Solution File, Format Version 11.00
# Visual Studio 2010
Project("{FAE04EC0-301F-11D3-BF4B-00C04F79EFBC}") = "namentlitch", "namentlitch\namentlitch.csproj", "{1C27681E-FBC7-4D92-BE31-0141835D8255}"
EndProject
Project("{930C7802-8A8C-48F9-8165-68863BCCD9DD}") = "NamenlichSetup", "NamenlichSetup\NamenlichSetup.wixproj", "{A915BB3C-690C-4EA7-8FF8-C2E7682AFCFA}"
EndProject
Global
	GlobalSection(SolutionConfigurationPlatforms) = preSolution
		Debug|Any CPU = Debug|Any CPU
		Debug|Mixed Platforms = Debug|Mixed Platforms
		Debug|x86 = Debug|x86
		Release|Any CPU = Release|Any CPU
		Release|Mixed Platforms = Release|Mixed Platforms
		Release|x86 = Release|x86
	EndGlobalSection
	GlobalSection(ProjectConfigurationPlatforms) = postSolution
		{1C27681E-FBC7-4D92-BE31-0141835D8255}.Debug|Any CPU.ActiveCfg = Debug|Any CPU
		{1C27681E-FBC7-4D92-BE31-0141835D8255}.Debug|Any CPU.Build.0 = Debug|Any CPU
		{1C27681E-FBC7-4D92-BE31-0141835D8255}.Debug|Mixed Platforms.ActiveCfg = Debug|Any CPU
		{1C27681E-FBC7-4D92-BE31-0141835D8255}.Debug|Mixed Platforms.Build.0 = Debug|Any CPU
		{1C27681E-FBC7-4D92-BE31-0141835D8255}.Debug|x86.ActiveCfg = Debug|Any CPU
		{1C27681E-FBC7-4D92-BE31-0141835D8255}.Release|Any CPU.ActiveCfg = Release|Any CPU
		{1C27681E-FBC7-4D92-BE31-0141835D8255}.Release|Any CPU.Build.0 = Release|Any CPU
		{1C27681E-FBC7-4D92-BE31-0141835D8255}.Release|Mixed Platforms.ActiveCfg = Release|Any CPU
		{1C27681E-FBC7-4D92-BE31-0141835D8255}.Release|Mixed Platforms.Build.0 = Release|Any CPU
		{1C27681E-FBC7-4D92-BE31-0141835D8255}.Release|x86.ActiveCfg = Release|Any CPU
		{A915BB3C-690C-4EA7-8FF8-C2E7682AFCFA}.Debug|Any CPU.ActiveCfg = Debug|x86
		{A915BB3C-690C-4EA7-8FF8-C2E7682AFCFA}.Debug|Mixed Platforms.ActiveCfg = Debug|x86
		{A915BB3C-690C-4EA7-8FF8-C2E7682AFCFA}.Debug|Mixed Platforms.Build.0 = Debug|x86
		{A915BB3C-690C-4EA7-8FF8-C2E7682AFCFA}.Debug|x86.ActiveCfg = Debug|x86
		{A915BB3C-690C-4EA7-8FF8-C2E7682AFCFA}.Debug|x86.Build.0 = Debug|x86
		{A915BB3C-690C-4EA7-8FF8-C2E7682AFCFA}.Release|Any CPU.ActiveCfg = Release|x86
		{A915BB3C-690C-4EA7-8FF8-C2E7682AFCFA}.Release|Mixed Platforms.ActiveCfg = Release|x86
		{A915BB3C-690C-4EA7-8FF8-C2E7682AFCFA}.Release|Mixed Platforms.Build.0 = Release|x86
		{A915BB3C-690C-4EA7-8FF8-C2E7682AFCFA}.Release|x86.ActiveCfg = Release|x86
		{A915BB3C-690C-4EA7-8FF8-C2E7682AFCFA}.Release|x86.Build.0 = Release|x86
	EndGlobalSection
	GlobalSection(SolutionProperties) = preSolution
		HideSolutionNode = FALSE
	EndGlobalSection
EndGlobal
